{
  "requires": true,
  "lockfileVersion": 1,
  "dependencies": {
    "@dcloudio/uni-ui": {
      "version": "1.4.20",
      "resolved": "https://registry.npmjs.org/@dcloudio/uni-ui/-/uni-ui-1.4.20.tgz",
      "integrity": "sha512-vWrT64u83H1YYrTF1SpWI0ZTplP/411a9tSPqd6ePRXDDODueWTfngguP/iEzAyeXMYLoS1N3rUWoTSxYrr9zQ=="
    }
  }
}
